
Microsoft Visual Studio Solution File, Format Version 12.00
# Visual Studio 2013
VisualStudioVersion = 12.0.31101.0
MinimumVisualStudioVersion = 10.0.40219.1
Project("{FAE04EC0-301F-11D3-BF4B-00C04F79EFBC}") = "LogicUnit", "LogicUnit\LogicUnit.csproj", "{F22EC8EC-3C59-46DA-86F5-CA0AF22A4025}"
EndProject
Project("{FAE04EC0-301F-11D3-BF4B-00C04F79EFBC}") = "LogicPresentation", "LogicPresentation\LogicPresentation.csproj", "{DBE62D4F-67E6-47A1-A1B6-488C50155122}"
EndProject
Global
	GlobalSection(SolutionConfigurationPlatforms) = preSolution
		Debug|Any CPU = Debug|Any CPU
		Release|Any CPU = Release|Any CPU
	EndGlobalSection
	GlobalSection(ProjectConfigurationPlatforms) = postSolution
		{F22EC8EC-3C59-46DA-86F5-CA0AF22A4025}.Debug|Any CPU.ActiveCfg = Debug|Any CPU
		{F22EC8EC-3C59-46DA-86F5-CA0AF22A4025}.Debug|Any CPU.Build.0 = Debug|Any CPU
		{F22EC8EC-3C59-46DA-86F5-CA0AF22A4025}.Release|Any CPU.ActiveCfg = Release|Any CPU
		{F22EC8EC-3C59-46DA-86F5-CA0AF22A4025}.Release|Any CPU.Build.0 = Release|Any CPU
		{DBE62D4F-67E6-47A1-A1B6-488C50155122}.Debug|Any CPU.ActiveCfg = Debug|Any CPU
		{DBE62D4F-67E6-47A1-A1B6-488C50155122}.Debug|Any CPU.Build.0 = Debug|Any CPU
		{DBE62D4F-67E6-47A1-A1B6-488C50155122}.Release|Any CPU.ActiveCfg = Release|Any CPU
		{DBE62D4F-67E6-47A1-A1B6-488C50155122}.Release|Any CPU.Build.0 = Release|Any CPU
	EndGlobalSection
	GlobalSection(SolutionProperties) = preSolution
		HideSolutionNode = FALSE
	EndGlobalSection
EndGlobal
